// !$*UTF8*$!
{
	archiveVersion = 1;
	classes = {
	};
	objectVersion = 50;
	objects = {

/* Begin PBXBuildFile section */
		31919F1F26207B4F002B4BA3 /* SwiftUIFirstTutorialApp.swift in Sources */ = {isa = PBXBuildFile; fileRef = 31919F1E26207B4F002B4BA3 /* SwiftUIFirstTutorialApp.swift */; };
		31919F2126207B4F002B4BA3 /* ContentView.swift in Sources */ = {isa = PBXBuildFile; fileRef = 31919F2026207B4F002B4BA3 /* ContentView.swift */; };
		31919F2326207B51002B4BA3 /* Assets.xcassets in Resources */ = {isa = PBXBuildFile; fileRef = 31919F2226207B51002B4BA3 /* Assets.xcassets */; };
		31919F2626207B51002B4BA3 /* Preview Assets.xcassets in Resources */ = {isa = PBXBuildFile; fileRef = 31919F2526207B51002B4BA3 /* Preview Assets.xcassets */; };
		31919F2F26207EA3002B4BA3 /* MyVStackView.swift in Sources */ = {isa = PBXBuildFile; fileRef = 31919F2E26207EA3002B4BA3 /* MyVStackView.swift */; };
/* End PBXBuildFile section */

/* Begin PBXFileReference section */
		31919F1B26207B4F002B4BA3 /* SwiftUIFirstTutorial.app */ = {isa = PBXFileReference; explicitFileType = wrapper.application; includeInIndex = 0; path = SwiftUIFirstTutorial.app; sourceTree = BUILT_PRODUCTS_DIR; };
		31919F1E26207B4F002B4BA3 /* SwiftUIFirstTutorialApp.swift */ = {isa = PBXFileReference; lastKnownFileType = sourcecode.swift; path = SwiftUIFirstTutorialApp.swift; sourceTree = "<group>"; };
		31919F2026207B4F002B4BA3 /* ContentView.swift */ = {isa = PBXFileReference; lastKnownFileType = sourcecode.swift; path = ContentView.swift; sourceTree = "<group>"; };
		31919F2226207B51002B4BA3 /* Assets.xcassets */ = {isa = PBXFileReference; lastKnownFileType = folder.assetcatalog; path = Assets.xcassets; sourceTree = "<group>"; };
		31919F2526207B51002B4BA3 /* Preview Assets.xcassets */ = {isa = PBXFileReference; lastKnownFileType = folder.assetcatalog; path = "Preview Assets.xcassets"; sourceTree = "<group>"; };
		31919F2726207B51002B4BA3 /* Info.plist */ = {isa = PBXFileReference; lastKnownFileType = text.plist.xml; path = Info.plist; sourceTree = "<group>"; };
		31919F2E26207EA3002B4BA3 /* MyVStackView.swift */ = {isa = PBXFileReference; lastKnownFileType = sourcecode.swift; path = MyVStackView.swift; sourceTree = "<group>"; };
/* End PBXFileReference section */

/* Begin PBXFrameworksBuildPhase section */
		31919F1826207B4F002B4BA3 /* Frameworks */ = {
			isa = PBXFrameworksBuildPhase;
			buildActionMask = 2147483647;
			files = (
			);
			runOnlyForDeploymentPostprocessing = 0;
		};
/* End PBXFrameworksBuildPhase section */

/* Begin PBXGroup section */
		31919F1226207B4F002B4BA3 = {
			isa = PBXGroup;
			children = (
				31919F1D26207B4F002B4BA3 /* SwiftUIFirstTutorial */,
				31919F1C26207B4F002B4BA3 /* Products */,
			);
			sourceTree = "<group>";
		};
		31919F1C26207B4F002B4BA3 /* Products */ = {
			isa = PBXGroup;
			children = (
				31919F1B26207B4F002B4BA3 /* SwiftUIFirstTutorial.app */,
			);
			name = Products;
			sourceTree = "<group>";
		};
		31919F1D26207B4F002B4BA3 /* SwiftUIFirstTutorial */ = {
			isa = PBXGroup;
			children = (
				31919F1E26207B4F002B4BA3 /* SwiftUIFirstTutorialApp.swift */,
				31919F2026207B4F002B4BA3 /* ContentView.swift */,
				31919F2226207B51002B4BA3 /* Assets.xcassets */,
				31919F2726207B51002B4BA3 /* Info.plist */,
				31919F2426207B51002B4BA3 /* Preview Content */,
				31919F2E26207EA3002B4BA3 /* MyVStackView.swift */,
			);
			path = SwiftUIFirstTutorial;
			sourceTree = "<group>";
		};
		31919F2426207B51002B4BA3 /* Preview Content */ = {
			isa = PBXGroup;
			children = (
				31919F2526207B51002B4BA3 /* Preview Assets.xcassets */,
			);
			path = "Preview Content";
			sourceTree = "<group>";
		};
/* End PBXGroup section */

/* Begin PBXNativeTarget section */
		31919F1A26207B4F002B4BA3 /* SwiftUIFirstTutorial */ = {
			isa = PBXNativeTarget;
			buildConfigurationList = 31919F2A26207B51002B4BA3 /* Build configuration list for PBXNativeTarget "SwiftUIFirstTutorial" */;
			buildPhases = (
				31919F1726207B4F002B4BA3 /* Sources */,
				31919F1826207B4F002B4BA3 /* Frameworks */,
				31919F1926207B4F002B4BA3 /* Resources */,
			);
			buildRules = (
			);
			dependencies = (
			);
			name = SwiftUIFirstTutorial;
			productName = SwiftUIFirstTutorial;
			productReference = 31919F1B26207B4F002B4BA3 /* SwiftUIFirstTutorial.app */;
			productType = "com.apple.product-type.application";
		};
/* End PBXNativeTarget section */

/* Begin PBXProject section */
		31919F1326207B4F002B4BA3 /* Project object */ = {
			isa = PBXProject;
			attributes = {
				LastSwiftUpdateCheck = 1240;
				LastUpgradeCheck = 1240;
				TargetAttributes = {
					31919F1A26207B4F002B4BA3 = {
						CreatedOnToolsVersion = 12.4;
					};
				};
			};
			buildConfigurationList = 31919F1626207B4F002B4BA3 /* Build configuration list for PBXProject "SwiftUIFirstTutorial" */;
			compatibilityVersion = "Xcode 9.3";
			developmentRegion = en;
			hasScannedForEncodings = 0;
			knownRegions = (
				en,
				Base,
			);
			mainGroup = 31919F1226207B4F002B4BA3;
			productRefGroup = 31919F1C26207B4F002B4BA3 /* Products */;
			projectDirPath = "";
			projectRoot = "";
			targets = (
				31919F1A26207B4F002B4BA3 /* SwiftUIFirstTutorial */,
			);
		};
/* End PBXProject section */

/* Begin PBXResourcesBuildPhase section */
		31919F1926207B4F002B4BA3 /* Resources */ = {
			isa = PBXResourcesBuildPhase;
			buildActionMask = 2147483647;
			files = (
				31919F2626207B51002B4BA3 /* Preview Assets.xcassets in Resources */,
				31919F2326207B51002B4BA3 /* Assets.xcassets in Resources */,
			);
			runOnlyForDeploymentPostprocessing = 0;
		};
/* End PBXResourcesBuildPhase section */

/* Begin PBXSourcesBuildPhase section */
		31919F1726207B4F002B4BA3 /* Sources */ = {
			isa = PBXSourcesBuildPhase;
			buildActionMask = 2147483647;
			files = (
				31919F2126207B4F002B4BA3 /* ContentView.swift in Sources */,
				31919F1F26207B4F002B4BA3 /* SwiftUIFirstTutorialApp.swift in Sources */,
				31919F2F26207EA3002B4BA3 /* MyVStackView.swift in Sources */,
			);
			runOnlyForDeploymentPostprocessing = 0;
		};
/* End PBXSourcesBuildPhase section */

/* Begin XCBuildConfiguration section */
		31919F2826207B51002B4BA3 /* Debug */ = {
			isa = XCBuildConfiguration;
			buildSettings = {
				ALWAYS_SEARCH_USER_PATHS = NO;
				CLANG_ANALYZER_NONNULL = YES;
				CLANG_ANALYZER_NUMBER_OBJECT_CONVERSION = YES_AGGRESSIVE;
				CLANG_CXX_LANGUAGE_STANDARD = "gnu++14";
				CLANG_CXX_LIBRARY = "libc++";
				CLANG_ENABLE_MODULES = YES;
				CLANG_ENABLE_OBJC_ARC = YES;
				CLANG_ENABLE_OBJC_WEAK = YES;
				CLANG_WARN_BLOCK_CAPTURE_AUTORELEASING = YES;
				CLANG_WARN_BOOL_CONVERSION = YES;
				CLANG_WARN_COMMA = YES;
				CLANG_WARN_CONSTANT_CONVERSION = YES;
				CLANG_WARN_DEPRECATED_OBJC_IMPLEMENTATIONS = YES;
				CLANG_WARN_DIRECT_OBJC_ISA_USAGE = YES_ERROR;
				CLANG_WARN_DOCUMENTATION_COMMENTS = YES;
				CLANG_WARN_EMPTY_BODY = YES;
				CLANG_WARN_ENUM_CONVERSION = YES;
				CLANG_WARN_INFINITE_RECURSION = YES;
				CLANG_WARN_INT_CONVERSION = YES;
				CLANG_WARN_NON_LITERAL_NULL_CONVERSION = YES;
				CLANG_WARN_OBJC_IMPLICIT_RETAIN_SELF = YES;
				CLANG_WARN_OBJC_LITERAL_CONVERSION = YES;
				CLANG_WARN_OBJC_ROOT_CLASS = YES_ERROR;
				CLANG_WARN_QUOTED_INCLUDE_IN_FRAMEWORK_HEADER = YES;
				CLANG_WARN_RANGE_LOOP_ANALYSIS = YES;
				CLANG_WARN_STRICT_PROTOTYPES = YES;
				CLANG_WARN_SUSPICIOUS_MOVE = YES;
				CLANG_WARN_UNGUARDED_AVAILABILITY = YES_AGGRESSIVE;
				CLANG_WARN_UNREACHABLE_CODE = YES;
				CLANG_WARN__DUPLICATE_METHOD_MATCH = YES;
				COPY_PHASE_STRIP = NO;
				DEBUG_INFORMATION_FORMAT = dwarf;
				ENABLE_STRICT_OBJC_MSGSEND = YES;
				ENABLE_TESTABILITY = YES;
				GCC_C_LANGUAGE_STANDARD = gnu11;
				GCC_DYNAMIC_NO_PIC = NO;
				GCC_NO_COMMON_BLOCKS = YES;
				GCC_OPTIMIZATION_LEVEL = 0;
				GCC_PREPROCESSOR_DEFINITIONS = (
					"DEBUG=1",
					"$(inherited)",
				);
				GCC_WARN_64_TO_32_BIT_CONVERSION = YES;
				GCC_WARN_ABOUT_RETURN_TYPE = YES_ERROR;
				GCC_WARN_UNDECLARED_SELECTOR = YES;
				GCC_WARN_UNINITIALIZED_AUTOS = YES_AGGRESSIVE;
				GCC_WARN_UNUSED_FUNCTION = YES;
				GCC_WARN_UNUSED_VARIABLE = YES;
				IPHONEOS_DEPLOYMENT_TARGET = 14.4;
				MTL_ENABLE_DEBUG_INFO = INCLUDE_SOURCE;
				MTL_FAST_MATH = YES;
				ONLY_ACTIVE_ARCH = YES;
				SDKROOT = iphoneos;
				SWIFT_ACTIVE_COMPILATION_CONDITIONS = DEBUG;
				SWIFT_OPTIMIZATION_LEVEL = "-Onone";
			};
			name = Debug;
		};
		31919F2926207B51002B4BA3 /* Release */ = {
			isa = XCBuildConfiguration;
			buildSettings = {
				ALWAYS_SEARCH_USER_PATHS = NO;
				CLANG_ANALYZER_NONNULL = YES;
				CLANG_ANALYZER_NUMBER_OBJECT_CONVERSION = YES_AGGRESSIVE;
				CLANG_CXX_LANGUAGE_STANDARD = "gnu++14";
				CLANG_CXX_LIBRARY = "libc++";
				CLANG_ENABLE_MODULES = YES;
				CLANG_ENABLE_OBJC_ARC = YES;
				CLANG_ENABLE_OBJC_WEAK = YES;
				CLANG_WARN_BLOCK_CAPTURE_AUTORELEASING = YES;
				CLANG_WARN_BOOL_CONVERSION = YES;
				CLANG_WARN_COMMA = YES;
				CLANG_WARN_CONSTANT_CONVERSION = YES;
				CLANG_WARN_DEPRECATED_OBJC_IMPLEMENTATIONS = YES;
				CLANG_WARN_DIRECT_OBJC_ISA_USAGE = YES_ERROR;
				CLANG_WARN_DOCUMENTATION_COMMENTS = YES;
				CLANG_WARN_EMPTY_BODY = YES;
				CLANG_WARN_ENUM_CONVERSION = YES;
				CLANG_WARN_INFINITE_RECURSION = YES;
				CLANG_WARN_INT_CONVERSION = YES;
				CLANG_WARN_NON_LITERAL_NULL_CONVERSION = YES;
				CLANG_WARN_OBJC_IMPLICIT_RETAIN_SELF = YES;
				CLANG_WARN_OBJC_LITERAL_CONVERSION = YES;
				CLANG_WARN_OBJC_ROOT_CLASS = YES_ERROR;
				CLANG_WARN_QUOTED_INCLUDE_IN_FRAMEWORK_HEADER = YES;
				CLANG_WARN_RANGE_LOOP_ANALYSIS = YES;
				CLANG_WARN_STRICT_PROTOTYPES = YES;
				CLANG_WARN_SUSPICIOUS_MOVE = YES;
				CLANG_WARN_UNGUARDED_AVAILABILITY = YES_AGGRESSIVE;
				CLANG_WARN_UNREACHABLE_CODE = YES;
				CLANG_WARN__DUPLICATE_METHOD_MATCH = YES;
				COPY_PHASE_STRIP = NO;
				DEBUG_INFORMATION_FORMAT = "dwarf-with-dsym";
				ENABLE_NS_ASSERTIONS = NO;
				ENABLE_STRICT_OBJC_MSGSEND = YES;
				GCC_C_LANGUAGE_STANDARD = gnu11;
				GCC_NO_COMMON_BLOCKS = YES;
				GCC_WARN_64_TO_32_BIT_CONVERSION = YES;
				GCC_WARN_ABOUT_RETURN_TYPE = YES_ERROR;
				GCC_WARN_UNDECLARED_SELECTOR = YES;
				GCC_WARN_UNINITIALIZED_AUTOS = YES_AGGRESSIVE;
				GCC_WARN_UNUSED_FUNCTION = YES;
				GCC_WARN_UNUSED_VARIABLE = YES;
				IPHONEOS_DEPLOYMENT_TARGET = 14.4;
				MTL_ENABLE_DEBUG_INFO = NO;
				MTL_FAST_MATH = YES;
				SDKROOT = iphoneos;
				SWIFT_COMPILATION_MODE = wholemodule;
				SWIFT_OPTIMIZATION_LEVEL = "-O";
				VALIDATE_PRODUCT = YES;
			};
			name = Release;
		};
		31919F2B26207B51002B4BA3 /* Debug */ = {
			isa = XCBuildConfiguration;
			buildSettings = {
				ASSETCATALOG_COMPILER_APPICON_NAME = AppIcon;
				ASSETCATALOG_COMPILER_GLOBAL_ACCENT_COLOR_NAME = AccentColor;
				CODE_SIGN_STYLE = Automatic;
				DEVELOPMENT_ASSET_PATHS = "\"SwiftUIFirstTutorial/Preview Content\"";
				DEVELOPMENT_TEAM = 7DY6Z945T9;
				ENABLE_PREVIEWS = YES;
				INFOPLIST_FILE = SwiftUIFirstTutorial/Info.plist;
				IPHONEOS_DEPLOYMENT_TARGET = 14.0;
				LD_RUNPATH_SEARCH_PATHS = (
					"$(inherited)",
					"@executable_path/Frameworks",
				);
				PRODUCT_BUNDLE_IDENTIFIER = io.samLee.SwiftUIFirstTutorial;
				PRODUCT_NAME = "$(TARGET_NAME)";
				SWIFT_VERSION = 5.0;
				TARGETED_DEVICE_FAMILY = "1,2";
			};
			name = Debug;
		};
		31919F2C26207B51002B4BA3 /* Release */ = {
			isa = XCBuildConfiguration;
			buildSettings = {
				ASSETCATALOG_COMPILER_APPICON_NAME = AppIcon;
				ASSETCATALOG_COMPILER_GLOBAL_ACCENT_COLOR_NAME = AccentColor;
				CODE_SIGN_STYLE = Automatic;
				DEVELOPMENT_ASSET_PATHS = "\"SwiftUIFirstTutorial/Preview Content\"";
				DEVELOPMENT_TEAM = 7DY6Z945T9;
				ENABLE_PREVIEWS = YES;
				INFOPLIST_FILE = SwiftUIFirstTutorial/Info.plist;
				IPHONEOS_DEPLOYMENT_TARGET = 14.0;
				LD_RUNPATH_SEARCH_PATHS = (
					"$(inherited)",
					"@executable_path/Frameworks",
				);
				PRODUCT_BUNDLE_IDENTIFIER = io.samLee.SwiftUIFirstTutorial;
				PRODUCT_NAME = "$(TARGET_NAME)";
				SWIFT_VERSION = 5.0;
				TARGETED_DEVICE_FAMILY = "1,2";
			};
			name = Release;
		};
/* End XCBuildConfiguration section */

/* Begin XCConfigurationList section */
		31919F1626207B4F002B4BA3 /* Build configuration list for PBXProject "SwiftUIFirstTutorial" */ = {
			isa = XCConfigurationList;
			buildConfigurations = (
				31919F2826207B51002B4BA3 /* Debug */,
				31919F2926207B51002B4BA3 /* Release */,
			);
			defaultConfigurationIsVisible = 0;
			defaultConfigurationName = Release;
		};
		31919F2A26207B51002B4BA3 /* Build configuration list for PBXNativeTarget "SwiftUIFirstTutorial" */ = {
			isa = XCConfigurationList;
			buildConfigurations = (
				31919F2B26207B51002B4BA3 /* Debug */,
				31919F2C26207B51002B4BA3 /* Release */,
			);
			defaultConfigurationIsVisible = 0;
			defaultConfigurationName = Release;
		};
/* End XCConfigurationList section */
	};
	rootObject = 31919F1326207B4F002B4BA3 /* Project object */;
}
